// !$*UTF8*$!
{
	archiveVersion = 1;
	classes = {
	};
	objectVersion = 50;
	objects = {

/* Begin PBXBuildFile section */
		E10592C92465A9A2008F9816 /* AppDelegate.swift in Sources */ = {isa = PBXBuildFile; fileRef = E10592C82465A9A2008F9816 /* AppDelegate.swift */; };
		E10592CB2465A9A2008F9816 /* SceneDelegate.swift in Sources */ = {isa = PBXBuildFile; fileRef = E10592CA2465A9A2008F9816 /* SceneDelegate.swift */; };
		E10592CD2465A9A2008F9816 /* ViewController.swift in Sources */ = {isa = PBXBuildFile; fileRef = E10592CC2465A9A2008F9816 /* ViewController.swift */; };
		E10592D02465A9A2008F9816 /* Main.storyboard in Resources */ = {isa = PBXBuildFile; fileRef = E10592CE2465A9A2008F9816 /* Main.storyboard */; };
		E10592D22465A9A4008F9816 /* Assets.xcassets in Resources */ = {isa = PBXBuildFile; fileRef = E10592D12465A9A4008F9816 /* Assets.xcassets */; };
		E10592D52465A9A4008F9816 /* LaunchScreen.storyboard in Resources */ = {isa = PBXBuildFile; fileRef = E10592D32465A9A4008F9816 /* LaunchScreen.storyboard */; };
		E10592DE2465CC2A008F9816 /* MusicTableViewCell.swift in Sources */ = {isa = PBXBuildFile; fileRef = E10592DC2465CC2A008F9816 /* MusicTableViewCell.swift */; };
		E10592DF2465CC2A008F9816 /* MusicTableViewCell.xib in Resources */ = {isa = PBXBuildFile; fileRef = E10592DD2465CC2A008F9816 /* MusicTableViewCell.xib */; };
		E10592E42465CFAA008F9816 /* Music.swift in Sources */ = {isa = PBXBuildFile; fileRef = E10592E32465CFAA008F9816 /* Music.swift */; };
		E10592E62465CFBC008F9816 /* MusicData.swift in Sources */ = {isa = PBXBuildFile; fileRef = E10592E52465CFBC008F9816 /* MusicData.swift */; };
		E10592EE246628AF008F9816 /* DetailMusicViewController.swift in Sources */ = {isa = PBXBuildFile; fileRef = E10592EC246628AF008F9816 /* DetailMusicViewController.swift */; };
		E10592EF246628AF008F9816 /* DetailMusicViewController.xib in Resources */ = {isa = PBXBuildFile; fileRef = E10592ED246628AF008F9816 /* DetailMusicViewController.xib */; };
		E10592F72466D970008F9816 /* ProfileViewController.swift in Sources */ = {isa = PBXBuildFile; fileRef = E10592F62466D970008F9816 /* ProfileViewController.swift */; };
		E10592F92466FD61008F9816 /* music1.mp3 in Resources */ = {isa = PBXBuildFile; fileRef = E10592F82466FD61008F9816 /* music1.mp3 */; };
		E10592FE2467055C008F9816 /* music4.mp3 in Resources */ = {isa = PBXBuildFile; fileRef = E10592FA2467055C008F9816 /* music4.mp3 */; };
		E10592FF2467055C008F9816 /* music2.mp3 in Resources */ = {isa = PBXBuildFile; fileRef = E10592FB2467055C008F9816 /* music2.mp3 */; };
		E10593002467055C008F9816 /* music5.mp3 in Resources */ = {isa = PBXBuildFile; fileRef = E10592FC2467055C008F9816 /* music5.mp3 */; };
		E10593012467055C008F9816 /* music3.mp3 in Resources */ = {isa = PBXBuildFile; fileRef = E10592FD2467055C008F9816 /* music3.mp3 */; };
		E105930924670BAE008F9816 /* music6.mp3 in Resources */ = {isa = PBXBuildFile; fileRef = E105930424670BAD008F9816 /* music6.mp3 */; };
		E105930B24670BAE008F9816 /* music7.mp3 in Resources */ = {isa = PBXBuildFile; fileRef = E105930624670BAE008F9816 /* music7.mp3 */; };
		E11106C6246711070025EB4B /* music8.mp3 in Resources */ = {isa = PBXBuildFile; fileRef = E11106C4246711070025EB4B /* music8.mp3 */; };
/* End PBXBuildFile section */

/* Begin PBXFileReference section */
		E10592C52465A9A2008F9816 /* musicPlaylist.app */ = {isa = PBXFileReference; explicitFileType = wrapper.application; includeInIndex = 0; path = musicPlaylist.app; sourceTree = BUILT_PRODUCTS_DIR; };
		E10592C82465A9A2008F9816 /* AppDelegate.swift */ = {isa = PBXFileReference; lastKnownFileType = sourcecode.swift; path = AppDelegate.swift; sourceTree = "<group>"; };
		E10592CA2465A9A2008F9816 /* SceneDelegate.swift */ = {isa = PBXFileReference; lastKnownFileType = sourcecode.swift; path = SceneDelegate.swift; sourceTree = "<group>"; };
		E10592CC2465A9A2008F9816 /* ViewController.swift */ = {isa = PBXFileReference; lastKnownFileType = sourcecode.swift; path = ViewController.swift; sourceTree = "<group>"; };
		E10592CF2465A9A2008F9816 /* Base */ = {isa = PBXFileReference; lastKnownFileType = file.storyboard; name = Base; path = Base.lproj/Main.storyboard; sourceTree = "<group>"; };
		E10592D12465A9A4008F9816 /* Assets.xcassets */ = {isa = PBXFileReference; lastKnownFileType = folder.assetcatalog; path = Assets.xcassets; sourceTree = "<group>"; };
		E10592D42465A9A4008F9816 /* Base */ = {isa = PBXFileReference; lastKnownFileType = file.storyboard; name = Base; path = Base.lproj/LaunchScreen.storyboard; sourceTree = "<group>"; };
		E10592D62465A9A4008F9816 /* Info.plist */ = {isa = PBXFileReference; lastKnownFileType = text.plist.xml; path = Info.plist; sourceTree = "<group>"; };
		E10592DC2465CC2A008F9816 /* MusicTableViewCell.swift */ = {isa = PBXFileReference; lastKnownFileType = sourcecode.swift; path = MusicTableViewCell.swift; sourceTree = "<group>"; };
		E10592DD2465CC2A008F9816 /* MusicTableViewCell.xib */ = {isa = PBXFileReference; lastKnownFileType = file.xib; path = MusicTableViewCell.xib; sourceTree = "<group>"; };
		E10592E32465CFAA008F9816 /* Music.swift */ = {isa = PBXFileReference; lastKnownFileType = sourcecode.swift; path = Music.swift; sourceTree = "<group>"; };
		E10592E52465CFBC008F9816 /* MusicData.swift */ = {isa = PBXFileReference; lastKnownFileType = sourcecode.swift; path = MusicData.swift; sourceTree = "<group>"; };
		E10592EC246628AF008F9816 /* DetailMusicViewController.swift */ = {isa = PBXFileReference; lastKnownFileType = sourcecode.swift; path = DetailMusicViewController.swift; sourceTree = "<group>"; };
		E10592ED246628AF008F9816 /* DetailMusicViewController.xib */ = {isa = PBXFileReference; lastKnownFileType = file.xib; path = DetailMusicViewController.xib; sourceTree = "<group>"; };
		E10592F62466D970008F9816 /* ProfileViewController.swift */ = {isa = PBXFileReference; lastKnownFileType = sourcecode.swift; path = ProfileViewController.swift; sourceTree = "<group>"; };
		E10592F82466FD61008F9816 /* music1.mp3 */ = {isa = PBXFileReference; lastKnownFileType = audio.mp3; path = music1.mp3; sourceTree = "<group>"; };
		E10592FA2467055C008F9816 /* music4.mp3 */ = {isa = PBXFileReference; lastKnownFileType = audio.mp3; path = music4.mp3; sourceTree = "<group>"; };
		E10592FB2467055C008F9816 /* music2.mp3 */ = {isa = PBXFileReference; lastKnownFileType = audio.mp3; path = music2.mp3; sourceTree = "<group>"; };
		E10592FC2467055C008F9816 /* music5.mp3 */ = {isa = PBXFileReference; lastKnownFileType = audio.mp3; path = music5.mp3; sourceTree = "<group>"; };
		E10592FD2467055C008F9816 /* music3.mp3 */ = {isa = PBXFileReference; lastKnownFileType = audio.mp3; path = music3.mp3; sourceTree = "<group>"; };
		E105930424670BAD008F9816 /* music6.mp3 */ = {isa = PBXFileReference; lastKnownFileType = audio.mp3; path = music6.mp3; sourceTree = "<group>"; };
		E105930624670BAE008F9816 /* music7.mp3 */ = {isa = PBXFileReference; lastKnownFileType = audio.mp3; path = music7.mp3; sourceTree = "<group>"; };
		E11106C4246711070025EB4B /* music8.mp3 */ = {isa = PBXFileReference; lastKnownFileType = audio.mp3; path = music8.mp3; sourceTree = "<group>"; };
/* End PBXFileReference section */

/* Begin PBXFrameworksBuildPhase section */
		E10592C22465A9A2008F9816 /* Frameworks */ = {
			isa = PBXFrameworksBuildPhase;
			buildActionMask = 2147483647;
			files = (
			);
			runOnlyForDeploymentPostprocessing = 0;
		};
/* End PBXFrameworksBuildPhase section */

/* Begin PBXGroup section */
		E10592BC2465A9A2008F9816 = {
			isa = PBXGroup;
			children = (
				E10592C72465A9A2008F9816 /* musicPlaylist */,
				E10592C62465A9A2008F9816 /* Products */,
			);
			sourceTree = "<group>";
		};
		E10592C62465A9A2008F9816 /* Products */ = {
			isa = PBXGroup;
			children = (
				E10592C52465A9A2008F9816 /* musicPlaylist.app */,
			);
			name = Products;
			sourceTree = "<group>";
		};
		E10592C72465A9A2008F9816 /* musicPlaylist */ = {
			isa = PBXGroup;
			children = (
				E10592EA2465E35F008F9816 /* Music */,
				E10592E72465CFD3008F9816 /* Model */,
				E10592E12465CF6B008F9816 /* Controller */,
				E10592E02465CF58008F9816 /* View */,
				E10592E22465CF81008F9816 /* Base */,
				E10592D12465A9A4008F9816 /* Assets.xcassets */,
				E10592D62465A9A4008F9816 /* Info.plist */,
			);
			path = musicPlaylist;
			sourceTree = "<group>";
		};
		E10592E02465CF58008F9816 /* View */ = {
			isa = PBXGroup;
			children = (
				E10592ED246628AF008F9816 /* DetailMusicViewController.xib */,
				E10592DD2465CC2A008F9816 /* MusicTableViewCell.xib */,
				E10592CE2465A9A2008F9816 /* Main.storyboard */,
				E10592D32465A9A4008F9816 /* LaunchScreen.storyboard */,
			);
			path = View;
			sourceTree = "<group>";
		};
		E10592E12465CF6B008F9816 /* Controller */ = {
			isa = PBXGroup;
			children = (
				E10592F62466D970008F9816 /* ProfileViewController.swift */,
				E10592EC246628AF008F9816 /* DetailMusicViewController.swift */,
				E10592DC2465CC2A008F9816 /* MusicTableViewCell.swift */,
				E10592CC2465A9A2008F9816 /* ViewController.swift */,
			);
			path = Controller;
			sourceTree = "<group>";
		};
		E10592E22465CF81008F9816 /* Base */ = {
			isa = PBXGroup;
			children = (
				E10592C82465A9A2008F9816 /* AppDelegate.swift */,
				E10592CA2465A9A2008F9816 /* SceneDelegate.swift */,
			);
			path = Base;
			sourceTree = "<group>";
		};
		E10592E72465CFD3008F9816 /* Model */ = {
			isa = PBXGroup;
			children = (
				E10592E52465CFBC008F9816 /* MusicData.swift */,
				E10592E32465CFAA008F9816 /* Music.swift */,
			);
			path = Model;
			sourceTree = "<group>";
		};
		E10592EA2465E35F008F9816 /* Music */ = {
			isa = PBXGroup;
			children = (
				E10592F82466FD61008F9816 /* music1.mp3 */,
				E10592FB2467055C008F9816 /* music2.mp3 */,
				E10592FD2467055C008F9816 /* music3.mp3 */,
				E10592FA2467055C008F9816 /* music4.mp3 */,
				E10592FC2467055C008F9816 /* music5.mp3 */,
				E105930424670BAD008F9816 /* music6.mp3 */,
				E105930624670BAE008F9816 /* music7.mp3 */,
				E11106C4246711070025EB4B /* music8.mp3 */,
			);
			path = Music;
			sourceTree = "<group>";
		};
/* End PBXGroup section */

/* Begin PBXNativeTarget section */
		E10592C42465A9A2008F9816 /* musicPlaylist */ = {
			isa = PBXNativeTarget;
			buildConfigurationList = E10592D92465A9A4008F9816 /* Build configuration list for PBXNativeTarget "musicPlaylist" */;
			buildPhases = (
				E10592C12465A9A2008F9816 /* Sources */,
				E10592C22465A9A2008F9816 /* Frameworks */,
				E10592C32465A9A2008F9816 /* Resources */,
			);
			buildRules = (
			);
			dependencies = (
			);
			name = musicPlaylist;
			productName = musicPlaylist;
			productReference = E10592C52465A9A2008F9816 /* musicPlaylist.app */;
			productType = "com.apple.product-type.application";
		};
/* End PBXNativeTarget section */

/* Begin PBXProject section */
		E10592BD2465A9A2008F9816 /* Project object */ = {
			isa = PBXProject;
			attributes = {
				LastSwiftUpdateCheck = 1140;
				LastUpgradeCheck = 1140;
				ORGANIZATIONNAME = "danny santoso";
				TargetAttributes = {
					E10592C42465A9A2008F9816 = {
						CreatedOnToolsVersion = 11.4.1;
					};
				};
			};
			buildConfigurationList = E10592C02465A9A2008F9816 /* Build configuration list for PBXProject "musicPlaylist" */;
			compatibilityVersion = "Xcode 9.3";
			developmentRegion = en;
			hasScannedForEncodings = 0;
			knownRegions = (
				en,
				Base,
			);
			mainGroup = E10592BC2465A9A2008F9816;
			productRefGroup = E10592C62465A9A2008F9816 /* Products */;
			projectDirPath = "";
			projectRoot = "";
			targets = (
				E10592C42465A9A2008F9816 /* musicPlaylist */,
			);
		};
/* End PBXProject section */

/* Begin PBXResourcesBuildPhase section */
		E10592C32465A9A2008F9816 /* Resources */ = {
			isa = PBXResourcesBuildPhase;
			buildActionMask = 2147483647;
			files = (
				E10592D52465A9A4008F9816 /* LaunchScreen.storyboard in Resources */,
				E10592D22465A9A4008F9816 /* Assets.xcassets in Resources */,
				E11106C6246711070025EB4B /* music8.mp3 in Resources */,
				E10592EF246628AF008F9816 /* DetailMusicViewController.xib in Resources */,
				E10593002467055C008F9816 /* music5.mp3 in Resources */,
				E10592FF2467055C008F9816 /* music2.mp3 in Resources */,
				E105930924670BAE008F9816 /* music6.mp3 in Resources */,
				E10592D02465A9A2008F9816 /* Main.storyboard in Resources */,
				E10592F92466FD61008F9816 /* music1.mp3 in Resources */,
				E10592FE2467055C008F9816 /* music4.mp3 in Resources */,
				E10593012467055C008F9816 /* music3.mp3 in Resources */,
				E10592DF2465CC2A008F9816 /* MusicTableViewCell.xib in Resources */,
				E105930B24670BAE008F9816 /* music7.mp3 in Resources */,
			);
			runOnlyForDeploymentPostprocessing = 0;
		};
/* End PBXResourcesBuildPhase section */

/* Begin PBXSourcesBuildPhase section */
		E10592C12465A9A2008F9816 /* Sources */ = {
			isa = PBXSourcesBuildPhase;
			buildActionMask = 2147483647;
			files = (
				E10592CD2465A9A2008F9816 /* ViewController.swift in Sources */,
				E10592C92465A9A2008F9816 /* AppDelegate.swift in Sources */,
				E10592E42465CFAA008F9816 /* Music.swift in Sources */,
				E10592E62465CFBC008F9816 /* MusicData.swift in Sources */,
				E10592CB2465A9A2008F9816 /* SceneDelegate.swift in Sources */,
				E10592F72466D970008F9816 /* ProfileViewController.swift in Sources */,
				E10592EE246628AF008F9816 /* DetailMusicViewController.swift in Sources */,
				E10592DE2465CC2A008F9816 /* MusicTableViewCell.swift in Sources */,
			);
			runOnlyForDeploymentPostprocessing = 0;
		};
/* End PBXSourcesBuildPhase section */

/* Begin PBXVariantGroup section */
		E10592CE2465A9A2008F9816 /* Main.storyboard */ = {
			isa = PBXVariantGroup;
			children = (
				E10592CF2465A9A2008F9816 /* Base */,
			);
			name = Main.storyboard;
			sourceTree = "<group>";
		};
		E10592D32465A9A4008F9816 /* LaunchScreen.storyboard */ = {
			isa = PBXVariantGroup;
			children = (
				E10592D42465A9A4008F9816 /* Base */,
			);
			name = LaunchScreen.storyboard;
			sourceTree = "<group>";
		};
/* End PBXVariantGroup section */

/* Begin XCBuildConfiguration section */
		E10592D72465A9A4008F9816 /* Debug */ = {
			isa = XCBuildConfiguration;
			buildSettings = {
				ALWAYS_SEARCH_USER_PATHS = NO;
				CLANG_ANALYZER_NONNULL = YES;
				CLANG_ANALYZER_NUMBER_OBJECT_CONVERSION = YES_AGGRESSIVE;
				CLANG_CXX_LANGUAGE_STANDARD = "gnu++14";
				CLANG_CXX_LIBRARY = "libc++";
				CLANG_ENABLE_MODULES = YES;
				CLANG_ENABLE_OBJC_ARC = YES;
				CLANG_ENABLE_OBJC_WEAK = YES;
				CLANG_WARN_BLOCK_CAPTURE_AUTORELEASING = YES;
				CLANG_WARN_BOOL_CONVERSION = YES;
				CLANG_WARN_COMMA = YES;
				CLANG_WARN_CONSTANT_CONVERSION = YES;
				CLANG_WARN_DEPRECATED_OBJC_IMPLEMENTATIONS = YES;
				CLANG_WARN_DIRECT_OBJC_ISA_USAGE = YES_ERROR;
				CLANG_WARN_DOCUMENTATION_COMMENTS = YES;
				CLANG_WARN_EMPTY_BODY = YES;
				CLANG_WARN_ENUM_CONVERSION = YES;
				CLANG_WARN_INFINITE_RECURSION = YES;
				CLANG_WARN_INT_CONVERSION = YES;
				CLANG_WARN_NON_LITERAL_NULL_CONVERSION = YES;
				CLANG_WARN_OBJC_IMPLICIT_RETAIN_SELF = YES;
				CLANG_WARN_OBJC_LITERAL_CONVERSION = YES;
				CLANG_WARN_OBJC_ROOT_CLASS = YES_ERROR;
				CLANG_WARN_RANGE_LOOP_ANALYSIS = YES;
				CLANG_WARN_STRICT_PROTOTYPES = YES;
				CLANG_WARN_SUSPICIOUS_MOVE = YES;
				CLANG_WARN_UNGUARDED_AVAILABILITY = YES_AGGRESSIVE;
				CLANG_WARN_UNREACHABLE_CODE = YES;
				CLANG_WARN__DUPLICATE_METHOD_MATCH = YES;
				COPY_PHASE_STRIP = NO;
				DEBUG_INFORMATION_FORMAT = dwarf;
				ENABLE_STRICT_OBJC_MSGSEND = YES;
				ENABLE_TESTABILITY = YES;
				GCC_C_LANGUAGE_STANDARD = gnu11;
				GCC_DYNAMIC_NO_PIC = NO;
				GCC_NO_COMMON_BLOCKS = YES;
				GCC_OPTIMIZATION_LEVEL = 0;
				GCC_PREPROCESSOR_DEFINITIONS = (
					"DEBUG=1",
					"$(inherited)",
				);
				GCC_WARN_64_TO_32_BIT_CONVERSION = YES;
				GCC_WARN_ABOUT_RETURN_TYPE = YES_ERROR;
				GCC_WARN_UNDECLARED_SELECTOR = YES;
				GCC_WARN_UNINITIALIZED_AUTOS = YES_AGGRESSIVE;
				GCC_WARN_UNUSED_FUNCTION = YES;
				GCC_WARN_UNUSED_VARIABLE = YES;
				IPHONEOS_DEPLOYMENT_TARGET = 13.4;
				MTL_ENABLE_DEBUG_INFO = INCLUDE_SOURCE;
				MTL_FAST_MATH = YES;
				ONLY_ACTIVE_ARCH = YES;
				SDKROOT = iphoneos;
				SWIFT_ACTIVE_COMPILATION_CONDITIONS = DEBUG;
				SWIFT_OPTIMIZATION_LEVEL = "-Onone";
			};
			name = Debug;
		};
		E10592D82465A9A4008F9816 /* Release */ = {
			isa = XCBuildConfiguration;
			buildSettings = {
				ALWAYS_SEARCH_USER_PATHS = NO;
				CLANG_ANALYZER_NONNULL = YES;
				CLANG_ANALYZER_NUMBER_OBJECT_CONVERSION = YES_AGGRESSIVE;
				CLANG_CXX_LANGUAGE_STANDARD = "gnu++14";
				CLANG_CXX_LIBRARY = "libc++";
				CLANG_ENABLE_MODULES = YES;
				CLANG_ENABLE_OBJC_ARC = YES;
				CLANG_ENABLE_OBJC_WEAK = YES;
				CLANG_WARN_BLOCK_CAPTURE_AUTORELEASING = YES;
				CLANG_WARN_BOOL_CONVERSION = YES;
				CLANG_WARN_COMMA = YES;
				CLANG_WARN_CONSTANT_CONVERSION = YES;
				CLANG_WARN_DEPRECATED_OBJC_IMPLEMENTATIONS = YES;
				CLANG_WARN_DIRECT_OBJC_ISA_USAGE = YES_ERROR;
				CLANG_WARN_DOCUMENTATION_COMMENTS = YES;
				CLANG_WARN_EMPTY_BODY = YES;
				CLANG_WARN_ENUM_CONVERSION = YES;
				CLANG_WARN_INFINITE_RECURSION = YES;
				CLANG_WARN_INT_CONVERSION = YES;
				CLANG_WARN_NON_LITERAL_NULL_CONVERSION = YES;
				CLANG_WARN_OBJC_IMPLICIT_RETAIN_SELF = YES;
				CLANG_WARN_OBJC_LITERAL_CONVERSION = YES;
				CLANG_WARN_OBJC_ROOT_CLASS = YES_ERROR;
				CLANG_WARN_RANGE_LOOP_ANALYSIS = YES;
				CLANG_WARN_STRICT_PROTOTYPES = YES;
				CLANG_WARN_SUSPICIOUS_MOVE = YES;
				CLANG_WARN_UNGUARDED_AVAILABILITY = YES_AGGRESSIVE;
				CLANG_WARN_UNREACHABLE_CODE = YES;
				CLANG_WARN__DUPLICATE_METHOD_MATCH = YES;
				COPY_PHASE_STRIP = NO;
				DEBUG_INFORMATION_FORMAT = "dwarf-with-dsym";
				ENABLE_NS_ASSERTIONS = NO;
				ENABLE_STRICT_OBJC_MSGSEND = YES;
				GCC_C_LANGUAGE_STANDARD = gnu11;
				GCC_NO_COMMON_BLOCKS = YES;
				GCC_WARN_64_TO_32_BIT_CONVERSION = YES;
				GCC_WARN_ABOUT_RETURN_TYPE = YES_ERROR;
				GCC_WARN_UNDECLARED_SELECTOR = YES;
				GCC_WARN_UNINITIALIZED_AUTOS = YES_AGGRESSIVE;
				GCC_WARN_UNUSED_FUNCTION = YES;
				GCC_WARN_UNUSED_VARIABLE = YES;
				IPHONEOS_DEPLOYMENT_TARGET = 13.4;
				MTL_ENABLE_DEBUG_INFO = NO;
				MTL_FAST_MATH = YES;
				SDKROOT = iphoneos;
				SWIFT_COMPILATION_MODE = wholemodule;
				SWIFT_OPTIMIZATION_LEVEL = "-O";
				VALIDATE_PRODUCT = YES;
			};
			name = Release;
		};
		E10592DA2465A9A4008F9816 /* Debug */ = {
			isa = XCBuildConfiguration;
			buildSettings = {
				ASSETCATALOG_COMPILER_APPICON_NAME = AppIcon;
				CODE_SIGN_STYLE = Automatic;
				DEVELOPMENT_TEAM = 9P78Q47KY2;
				INFOPLIST_FILE = musicPlaylist/Info.plist;
				IPHONEOS_DEPLOYMENT_TARGET = 13.3;
				LD_RUNPATH_SEARCH_PATHS = (
					"$(inherited)",
					"@executable_path/Frameworks",
				);
				PRODUCT_BUNDLE_IDENTIFIER = com.dannysantoso.musicPlaylist;
				PRODUCT_NAME = "$(TARGET_NAME)";
				SWIFT_VERSION = 5.0;
				TARGETED_DEVICE_FAMILY = "1,2";
			};
			name = Debug;
		};
		E10592DB2465A9A4008F9816 /* Release */ = {
			isa = XCBuildConfiguration;
			buildSettings = {
				ASSETCATALOG_COMPILER_APPICON_NAME = AppIcon;
				CODE_SIGN_STYLE = Automatic;
				DEVELOPMENT_TEAM = 9P78Q47KY2;
				INFOPLIST_FILE = musicPlaylist/Info.plist;
				IPHONEOS_DEPLOYMENT_TARGET = 13.3;
				LD_RUNPATH_SEARCH_PATHS = (
					"$(inherited)",
					"@executable_path/Frameworks",
				);
				PRODUCT_BUNDLE_IDENTIFIER = com.dannysantoso.musicPlaylist;
				PRODUCT_NAME = "$(TARGET_NAME)";
				SWIFT_VERSION = 5.0;
				TARGETED_DEVICE_FAMILY = "1,2";
			};
			name = Release;
		};
/* End XCBuildConfiguration section */

/* Begin XCConfigurationList section */
		E10592C02465A9A2008F9816 /* Build configuration list for PBXProject "musicPlaylist" */ = {
			isa = XCConfigurationList;
			buildConfigurations = (
				E10592D72465A9A4008F9816 /* Debug */,
				E10592D82465A9A4008F9816 /* Release */,
			);
			defaultConfigurationIsVisible = 0;
			defaultConfigurationName = Release;
		};
		E10592D92465A9A4008F9816 /* Build configuration list for PBXNativeTarget "musicPlaylist" */ = {
			isa = XCConfigurationList;
			buildConfigurations = (
				E10592DA2465A9A4008F9816 /* Debug */,
				E10592DB2465A9A4008F9816 /* Release */,
			);
			defaultConfigurationIsVisible = 0;
			defaultConfigurationName = Release;
		};
/* End XCConfigurationList section */
	};
	rootObject = E10592BD2465A9A2008F9816 /* Project object */;
}
